
Microsoft Visual Studio Solution File, Format Version 12.00
# Visual Studio Version 17
VisualStudioVersion = 17.5.33424.131
MinimumVisualStudioVersion = 10.0.40219.1
Project("{FAE04EC0-301F-11D3-BF4B-00C04F79EFBC}") = "LINQPractice", "LINQPractice\LINQPractice.csproj", "{3C4E1D11-42ED-443A-AB54-795CF48FE76C}"
EndProject
Global
	GlobalSection(SolutionConfigurationPlatforms) = preSolution
		Debug|Any CPU = Debug|Any CPU
		Release|Any CPU = Release|Any CPU
	EndGlobalSection
	GlobalSection(ProjectConfigurationPlatforms) = postSolution
		{3C4E1D11-42ED-443A-AB54-795CF48FE76C}.Debug|Any CPU.ActiveCfg = Debug|Any CPU
		{3C4E1D11-42ED-443A-AB54-795CF48FE76C}.Debug|Any CPU.Build.0 = Debug|Any CPU
		{3C4E1D11-42ED-443A-AB54-795CF48FE76C}.Release|Any CPU.ActiveCfg = Release|Any CPU
		{3C4E1D11-42ED-443A-AB54-795CF48FE76C}.Release|Any CPU.Build.0 = Release|Any CPU
	EndGlobalSection
	GlobalSection(SolutionProperties) = preSolution
		HideSolutionNode = FALSE
	EndGlobalSection
	GlobalSection(ExtensibilityGlobals) = postSolution
		SolutionGuid = {0E1D354F-E339-4513-9E40-BF8F14D3040B}
	EndGlobalSection
EndGlobal
